
Microsoft Visual Studio Solution File, Format Version 12.00
# Visual Studio Version 17
VisualStudioVersion = 17.11.35327.3
MinimumVisualStudioVersion = 10.0.40219.1
Project("{FAE04EC0-301F-11D3-BF4B-00C04F79EFBC}") = "WebApp", "WebApp.csproj", "{7557AA52-7AE0-4818-BB98-3754230465E5}"
EndProject
Global
	GlobalSection(SolutionConfigurationPlatforms) = preSolution
		Debug|Any CPU = Debug|Any CPU
		Release|Any CPU = Release|Any CPU
	EndGlobalSection
	GlobalSection(ProjectConfigurationPlatforms) = postSolution
		{7557AA52-7AE0-4818-BB98-3754230465E5}.Debug|Any CPU.ActiveCfg = Debug|Any CPU
		{7557AA52-7AE0-4818-BB98-3754230465E5}.Debug|Any CPU.Build.0 = Debug|Any CPU
		{7557AA52-7AE0-4818-BB98-3754230465E5}.Release|Any CPU.ActiveCfg = Release|Any CPU
		{7557AA52-7AE0-4818-BB98-3754230465E5}.Release|Any CPU.Build.0 = Release|Any CPU
	EndGlobalSection
	GlobalSection(SolutionProperties) = preSolution
		HideSolutionNode = FALSE
	EndGlobalSection
	GlobalSection(ExtensibilityGlobals) = postSolution
		SolutionGuid = {F7CF8BA8-6681-4193-973B-352F4212E175}
	EndGlobalSection
EndGlobal
